
Microsoft Visual Studio Solution File, Format Version 12.00
# Visual Studio Version 17
VisualStudioVersion = 17.4.33110.190
MinimumVisualStudioVersion = 10.0.40219.1
Project("{888888A0-9F3D-457C-B088-3A5042F75D52}") = "full-text-search", "full-text-search\full-text-search.pyproj", "{2F46ADC5-F505-46CD-8501-157B599521FC}"
EndProject
Global
	GlobalSection(SolutionConfigurationPlatforms) = preSolution
		Debug|Any CPU = Debug|Any CPU
		Release|Any CPU = Release|Any CPU
	EndGlobalSection
	GlobalSection(ProjectConfigurationPlatforms) = postSolution
		{2F46ADC5-F505-46CD-8501-157B599521FC}.Debug|Any CPU.ActiveCfg = Debug|Any CPU
		{2F46ADC5-F505-46CD-8501-157B599521FC}.Release|Any CPU.ActiveCfg = Release|Any CPU
	EndGlobalSection
	GlobalSection(SolutionProperties) = preSolution
		HideSolutionNode = FALSE
	EndGlobalSection
	GlobalSection(ExtensibilityGlobals) = postSolution
		SolutionGuid = {200126B7-1685-428D-998E-3D9F1D01495E}
	EndGlobalSection
EndGlobal
